
Microsoft Visual Studio Solution File, Format Version 12.00
# Visual Studio Version 17
VisualStudioVersion = 17.7.34031.279
MinimumVisualStudioVersion = 10.0.40219.1
Project("{2150E333-8FDC-42A3-9474-1A3956D46DE8}") = "Services", "Services", "{1BEAF044-2108-4541-93E4-7BF62BDEBE69}"
EndProject
Project("{2150E333-8FDC-42A3-9474-1A3956D46DE8}") = "Catalog", "Catalog", "{7E14B539-6D86-43C9-B9A1-EA21DF7AA4D1}"
EndProject
Project("{9A19103F-16F7-4668-BE54-9A1E7A4F7556}") = "MultiShop.Catalog", "Services\Catalog\MultiShop.Catalog\MultiShop.Catalog.csproj", "{F0AF2D03-4469-4B1E-A24D-9BC3923549F0}"
EndProject
Project("{2150E333-8FDC-42A3-9474-1A3956D46DE8}") = "Discount", "Discount", "{BD4C24E4-5322-4DCF-91A3-BECC399F6376}"
EndProject
Project("{9A19103F-16F7-4668-BE54-9A1E7A4F7556}") = "MultiShop.Discount", "Services\Discount\MultiShop.Discount\MultiShop.Discount.csproj", "{735DE84B-9E6F-47A4-AE46-3060CD1AF72D}"
EndProject
Project("{2150E333-8FDC-42A3-9474-1A3956D46DE8}") = "Order", "Order", "{BC9B1995-5511-4039-A8AF-2F09B8E4DF6B}"
EndProject
Project("{2150E333-8FDC-42A3-9474-1A3956D46DE8}") = "Core", "Core", "{77E63ECA-0EAF-4399-AC0D-84317FA4ACA2}"
EndProject
Project("{2150E333-8FDC-42A3-9474-1A3956D46DE8}") = "Infrastructure", "Infrastructure", "{64FFA158-2E1D-4300-9BA3-C20BFD5B3CBC}"
EndProject
Project("{2150E333-8FDC-42A3-9474-1A3956D46DE8}") = "Presentation", "Presentation", "{4967F74B-05FC-4BC0-B72A-6FBB19A07BC8}"
EndProject
Project("{9A19103F-16F7-4668-BE54-9A1E7A4F7556}") = "MultiShop.Order.Domain", "Services\Order\Core\MultiShop.Order.Domain\MultiShop.Order.Domain.csproj", "{F3BE0F77-6BC9-4B54-BA7E-BC520957C273}"
EndProject
Project("{9A19103F-16F7-4668-BE54-9A1E7A4F7556}") = "MultiShop.Order.Application", "Services\Order\Core\MultiShop.Order.Application\MultiShop.Order.Application.csproj", "{BA91335E-A7C0-4A71-8145-42E1EE252B61}"
EndProject
Project("{9A19103F-16F7-4668-BE54-9A1E7A4F7556}") = "MultiShop.Order.Persistence", "Services\Order\Infrastructure\MultiShop.Order.Persistence\MultiShop.Order.Persistence.csproj", "{7A856975-669B-465E-8523-ED3D6F04865C}"
EndProject
Project("{9A19103F-16F7-4668-BE54-9A1E7A4F7556}") = "MultiShop.Order.WebApi", "Services\Order\Presentation\MultiShop.Order.WebApi\MultiShop.Order.WebApi.csproj", "{71931D5B-3AA6-4DE9-BAF5-4CA0C4733CD6}"
EndProject
Project("{2150E333-8FDC-42A3-9474-1A3956D46DE8}") = "IdentityServer", "IdentityServer", "{6081F301-80B1-466A-BC00-CAFF2C096673}"
EndProject
Project("{9A19103F-16F7-4668-BE54-9A1E7A4F7556}") = "MultiShopp.IdentityServer", "IdentityServer\MultiShopp.IdentityServer\MultiShopp.IdentityServer.csproj", "{4560359D-A088-418C-82FE-2CDB0FBB5F18}"
EndProject
Project("{2150E333-8FDC-42A3-9474-1A3956D46DE8}") = "Cargo", "Cargo", "{263E7B12-4FDB-47AA-AB3C-A86D5AA71537}"
EndProject
Project("{9A19103F-16F7-4668-BE54-9A1E7A4F7556}") = "MultiShop.Cargo.BusinessLayer", "Cargo\MultiShop.Cargo.BusinessLayer\MultiShop.Cargo.BusinessLayer.csproj", "{5912D03C-B4C3-465E-ADD8-76D0BB765CD5}"
EndProject
Project("{9A19103F-16F7-4668-BE54-9A1E7A4F7556}") = "MultiShop.Cargo.DataAccessLayer", "MultiShopp\Cargo\MultiShop.Cargo.DataAccessLayer\MultiShop.Cargo.DataAccessLayer.csproj", "{4949566B-D65D-4206-B30B-C84ED5F963BA}"
EndProject
Project("{9A19103F-16F7-4668-BE54-9A1E7A4F7556}") = "MultiShop.Cargo.DtoLayer", "MultiShopp\Cargo\MultiShop.Cargo.DtoLayer\MultiShop.Cargo.DtoLayer.csproj", "{449AE929-8D83-446F-8370-8E19461EF2FB}"
EndProject
Project("{9A19103F-16F7-4668-BE54-9A1E7A4F7556}") = "MultiShop.Cargo.EntityLayer", "MultiShopp\Cargo\MultiShop.Cargo.EntityLayer\MultiShop.Cargo.EntityLayer.csproj", "{5CCDAF30-260E-463D-8E34-29A9A0BE3998}"
EndProject
Project("{9A19103F-16F7-4668-BE54-9A1E7A4F7556}") = "MultiShop.Cargo.WebApi", "MultiShopp\Cargo\MultiShop.Cargo.WebApi\MultiShop.Cargo.WebApi.csproj", "{E2AD15FE-E696-48FE-A87C-530F0031FA86}"
EndProject
Project("{2150E333-8FDC-42A3-9474-1A3956D46DE8}") = "Basket", "Basket", "{54C6DABF-47E2-4875-8D31-D18E18B707AB}"
EndProject
Project("{9A19103F-16F7-4668-BE54-9A1E7A4F7556}") = "MultiShop.Basket", "Services\MultiShop.Basket\MultiShop.Basket.csproj", "{E027CF53-C5A5-4BD1-84CB-B5534D783893}"
EndProject
Project("{2150E333-8FDC-42A3-9474-1A3956D46DE8}") = "Frontends", "Frontends", "{9DC7423E-173D-499A-B4A1-27E3DDBAFD5A}"
EndProject
Project("{9A19103F-16F7-4668-BE54-9A1E7A4F7556}") = "MultiShop.WebUI", "Frontends\MultiShop.WebUI\MultiShop.WebUI.csproj", "{291DAAAF-2722-406F-AC65-C69C81BD30D5}"
EndProject
Project("{9A19103F-16F7-4668-BE54-9A1E7A4F7556}") = "MultiShop.DtoLayer", "MultiShop.DtoLayer\MultiShop.DtoLayer.csproj", "{B675F2F1-6C53-4934-91B4-15CC77C48A69}"
EndProject
Project("{2150E333-8FDC-42A3-9474-1A3956D46DE8}") = "Comment", "Comment", "{4686441B-C9A0-41AC-9DE5-3398B8FE0EC7}"
EndProject
Project("{9A19103F-16F7-4668-BE54-9A1E7A4F7556}") = "MultiShop.Comment", "Services\Comment\MultiShop.Comment\MultiShop.Comment.csproj", "{2C69E828-4661-4AA6-B81E-146D19B0E9E5}"
EndProject
Project("{2150E333-8FDC-42A3-9474-1A3956D46DE8}") = "ApiGateway", "ApiGateway", "{D5D303E4-13D4-40E9-8310-C4CED2E46A57}"
EndProject
Project("{FAE04EC0-301F-11D3-BF4B-00C04F79EFBC}") = "MultiShop.OcelotGateway", "ApiGateway\MultiShop.OcelotGateway\MultiShop.OcelotGateway.csproj", "{31D1EFB7-5C70-4314-AB57-67698761ECAA}"
EndProject
Project("{2150E333-8FDC-42A3-9474-1A3956D46DE8}") = "Requirements", "Requirements", "{2D963A90-A73E-4305-B51D-4941F9A9181C}"
	ProjectSection(SolutionItems) = preProject
		OceletFullexample.txt = OceletFullexample.txt
		OcelotLink.txt = OcelotLink.txt
		TextFile1.txt = TextFile1.txt
	EndProjectSection
EndProject
Project("{2150E333-8FDC-42A3-9474-1A3956D46DE8}") = "Payment", "Payment", "{5C6F13F8-D143-444B-B0C3-CBDFEB8CE279}"
EndProject
Project("{FAE04EC0-301F-11D3-BF4B-00C04F79EFBC}") = "MultiShop.Payment", "Services\Payment\MultiShop.Payment\MultiShop.Payment.csproj", "{AD1C2B4B-8419-4363-8CEA-4D9A9079A759}"
EndProject
Project("{2150E333-8FDC-42A3-9474-1A3956D46DE8}") = "Images", "Images", "{067DC07C-0EF9-4663-B27E-0E9A9CA1CA7B}"
EndProject
Project("{FAE04EC0-301F-11D3-BF4B-00C04F79EFBC}") = "MultiShop.Images", "Services\Images\MultiShop.Images\MultiShop.Images.csproj", "{8AC3622A-1891-42C0-88FF-2308C0FF35E1}"
EndProject
Global
	GlobalSection(SolutionConfigurationPlatforms) = preSolution
		Debug|Any CPU = Debug|Any CPU
		Release|Any CPU = Release|Any CPU
	EndGlobalSection
	GlobalSection(ProjectConfigurationPlatforms) = postSolution
		{F0AF2D03-4469-4B1E-A24D-9BC3923549F0}.Debug|Any CPU.ActiveCfg = Debug|Any CPU
		{F0AF2D03-4469-4B1E-A24D-9BC3923549F0}.Debug|Any CPU.Build.0 = Debug|Any CPU
		{F0AF2D03-4469-4B1E-A24D-9BC3923549F0}.Release|Any CPU.ActiveCfg = Release|Any CPU
		{F0AF2D03-4469-4B1E-A24D-9BC3923549F0}.Release|Any CPU.Build.0 = Release|Any CPU
		{735DE84B-9E6F-47A4-AE46-3060CD1AF72D}.Debug|Any CPU.ActiveCfg = Debug|Any CPU
		{735DE84B-9E6F-47A4-AE46-3060CD1AF72D}.Debug|Any CPU.Build.0 = Debug|Any CPU
		{735DE84B-9E6F-47A4-AE46-3060CD1AF72D}.Release|Any CPU.ActiveCfg = Release|Any CPU
		{735DE84B-9E6F-47A4-AE46-3060CD1AF72D}.Release|Any CPU.Build.0 = Release|Any CPU
		{F3BE0F77-6BC9-4B54-BA7E-BC520957C273}.Debug|Any CPU.ActiveCfg = Debug|Any CPU
		{F3BE0F77-6BC9-4B54-BA7E-BC520957C273}.Debug|Any CPU.Build.0 = Debug|Any CPU
		{F3BE0F77-6BC9-4B54-BA7E-BC520957C273}.Release|Any CPU.ActiveCfg = Release|Any CPU
		{F3BE0F77-6BC9-4B54-BA7E-BC520957C273}.Release|Any CPU.Build.0 = Release|Any CPU
		{BA91335E-A7C0-4A71-8145-42E1EE252B61}.Debug|Any CPU.ActiveCfg = Debug|Any CPU
		{BA91335E-A7C0-4A71-8145-42E1EE252B61}.Debug|Any CPU.Build.0 = Debug|Any CPU
		{BA91335E-A7C0-4A71-8145-42E1EE252B61}.Release|Any CPU.ActiveCfg = Release|Any CPU
		{BA91335E-A7C0-4A71-8145-42E1EE252B61}.Release|Any CPU.Build.0 = Release|Any CPU
		{7A856975-669B-465E-8523-ED3D6F04865C}.Debug|Any CPU.ActiveCfg = Debug|Any CPU
		{7A856975-669B-465E-8523-ED3D6F04865C}.Debug|Any CPU.Build.0 = Debug|Any CPU
		{7A856975-669B-465E-8523-ED3D6F04865C}.Release|Any CPU.ActiveCfg = Release|Any CPU
		{7A856975-669B-465E-8523-ED3D6F04865C}.Release|Any CPU.Build.0 = Release|Any CPU
		{71931D5B-3AA6-4DE9-BAF5-4CA0C4733CD6}.Debug|Any CPU.ActiveCfg = Debug|Any CPU
		{71931D5B-3AA6-4DE9-BAF5-4CA0C4733CD6}.Debug|Any CPU.Build.0 = Debug|Any CPU
		{71931D5B-3AA6-4DE9-BAF5-4CA0C4733CD6}.Release|Any CPU.ActiveCfg = Release|Any CPU
		{71931D5B-3AA6-4DE9-BAF5-4CA0C4733CD6}.Release|Any CPU.Build.0 = Release|Any CPU
		{4560359D-A088-418C-82FE-2CDB0FBB5F18}.Debug|Any CPU.ActiveCfg = Debug|Any CPU
		{4560359D-A088-418C-82FE-2CDB0FBB5F18}.Debug|Any CPU.Build.0 = Debug|Any CPU
		{4560359D-A088-418C-82FE-2CDB0FBB5F18}.Release|Any CPU.ActiveCfg = Release|Any CPU
		{4560359D-A088-418C-82FE-2CDB0FBB5F18}.Release|Any CPU.Build.0 = Release|Any CPU
		{5912D03C-B4C3-465E-ADD8-76D0BB765CD5}.Debug|Any CPU.ActiveCfg = Debug|Any CPU
		{5912D03C-B4C3-465E-ADD8-76D0BB765CD5}.Debug|Any CPU.Build.0 = Debug|Any CPU
		{5912D03C-B4C3-465E-ADD8-76D0BB765CD5}.Release|Any CPU.ActiveCfg = Release|Any CPU
		{5912D03C-B4C3-465E-ADD8-76D0BB765CD5}.Release|Any CPU.Build.0 = Release|Any CPU
		{4949566B-D65D-4206-B30B-C84ED5F963BA}.Debug|Any CPU.ActiveCfg = Debug|Any CPU
		{4949566B-D65D-4206-B30B-C84ED5F963BA}.Debug|Any CPU.Build.0 = Debug|Any CPU
		{4949566B-D65D-4206-B30B-C84ED5F963BA}.Release|Any CPU.ActiveCfg = Release|Any CPU
		{4949566B-D65D-4206-B30B-C84ED5F963BA}.Release|Any CPU.Build.0 = Release|Any CPU
		{449AE929-8D83-446F-8370-8E19461EF2FB}.Debug|Any CPU.ActiveCfg = Debug|Any CPU
		{449AE929-8D83-446F-8370-8E19461EF2FB}.Debug|Any CPU.Build.0 = Debug|Any CPU
		{449AE929-8D83-446F-8370-8E19461EF2FB}.Release|Any CPU.ActiveCfg = Release|Any CPU
		{449AE929-8D83-446F-8370-8E19461EF2FB}.Release|Any CPU.Build.0 = Release|Any CPU
		{5CCDAF30-260E-463D-8E34-29A9A0BE3998}.Debug|Any CPU.ActiveCfg = Debug|Any CPU
		{5CCDAF30-260E-463D-8E34-29A9A0BE3998}.Debug|Any CPU.Build.0 = Debug|Any CPU
		{5CCDAF30-260E-463D-8E34-29A9A0BE3998}.Release|Any CPU.ActiveCfg = Release|Any CPU
		{5CCDAF30-260E-463D-8E34-29A9A0BE3998}.Release|Any CPU.Build.0 = Release|Any CPU
		{E2AD15FE-E696-48FE-A87C-530F0031FA86}.Debug|Any CPU.ActiveCfg = Debug|Any CPU
		{E2AD15FE-E696-48FE-A87C-530F0031FA86}.Debug|Any CPU.Build.0 = Debug|Any CPU
		{E2AD15FE-E696-48FE-A87C-530F0031FA86}.Release|Any CPU.ActiveCfg = Release|Any CPU
		{E2AD15FE-E696-48FE-A87C-530F0031FA86}.Release|Any CPU.Build.0 = Release|Any CPU
		{E027CF53-C5A5-4BD1-84CB-B5534D783893}.Debug|Any CPU.ActiveCfg = Debug|Any CPU
		{E027CF53-C5A5-4BD1-84CB-B5534D783893}.Debug|Any CPU.Build.0 = Debug|Any CPU
		{E027CF53-C5A5-4BD1-84CB-B5534D783893}.Release|Any CPU.ActiveCfg = Release|Any CPU
		{E027CF53-C5A5-4BD1-84CB-B5534D783893}.Release|Any CPU.Build.0 = Release|Any CPU
		{291DAAAF-2722-406F-AC65-C69C81BD30D5}.Debug|Any CPU.ActiveCfg = Debug|Any CPU
		{291DAAAF-2722-406F-AC65-C69C81BD30D5}.Debug|Any CPU.Build.0 = Debug|Any CPU
		{291DAAAF-2722-406F-AC65-C69C81BD30D5}.Release|Any CPU.ActiveCfg = Release|Any CPU
		{291DAAAF-2722-406F-AC65-C69C81BD30D5}.Release|Any CPU.Build.0 = Release|Any CPU
		{B675F2F1-6C53-4934-91B4-15CC77C48A69}.Debug|Any CPU.ActiveCfg = Debug|Any CPU
		{B675F2F1-6C53-4934-91B4-15CC77C48A69}.Debug|Any CPU.Build.0 = Debug|Any CPU
		{B675F2F1-6C53-4934-91B4-15CC77C48A69}.Release|Any CPU.ActiveCfg = Release|Any CPU
		{B675F2F1-6C53-4934-91B4-15CC77C48A69}.Release|Any CPU.Build.0 = Release|Any CPU
		{2C69E828-4661-4AA6-B81E-146D19B0E9E5}.Debug|Any CPU.ActiveCfg = Debug|Any CPU
		{2C69E828-4661-4AA6-B81E-146D19B0E9E5}.Debug|Any CPU.Build.0 = Debug|Any CPU
		{2C69E828-4661-4AA6-B81E-146D19B0E9E5}.Release|Any CPU.ActiveCfg = Release|Any CPU
		{2C69E828-4661-4AA6-B81E-146D19B0E9E5}.Release|Any CPU.Build.0 = Release|Any CPU
		{31D1EFB7-5C70-4314-AB57-67698761ECAA}.Debug|Any CPU.ActiveCfg = Debug|Any CPU
		{31D1EFB7-5C70-4314-AB57-67698761ECAA}.Debug|Any CPU.Build.0 = Debug|Any CPU
		{31D1EFB7-5C70-4314-AB57-67698761ECAA}.Release|Any CPU.ActiveCfg = Release|Any CPU
		{31D1EFB7-5C70-4314-AB57-67698761ECAA}.Release|Any CPU.Build.0 = Release|Any CPU
		{AD1C2B4B-8419-4363-8CEA-4D9A9079A759}.Debug|Any CPU.ActiveCfg = Debug|Any CPU
		{AD1C2B4B-8419-4363-8CEA-4D9A9079A759}.Debug|Any CPU.Build.0 = Debug|Any CPU
		{AD1C2B4B-8419-4363-8CEA-4D9A9079A759}.Release|Any CPU.ActiveCfg = Release|Any CPU
		{AD1C2B4B-8419-4363-8CEA-4D9A9079A759}.Release|Any CPU.Build.0 = Release|Any CPU
		{8AC3622A-1891-42C0-88FF-2308C0FF35E1}.Debug|Any CPU.ActiveCfg = Debug|Any CPU
		{8AC3622A-1891-42C0-88FF-2308C0FF35E1}.Debug|Any CPU.Build.0 = Debug|Any CPU
		{8AC3622A-1891-42C0-88FF-2308C0FF35E1}.Release|Any CPU.ActiveCfg = Release|Any CPU
		{8AC3622A-1891-42C0-88FF-2308C0FF35E1}.Release|Any CPU.Build.0 = Release|Any CPU
	EndGlobalSection
	GlobalSection(SolutionProperties) = preSolution
		HideSolutionNode = FALSE
	EndGlobalSection
	GlobalSection(NestedProjects) = preSolution
		{7E14B539-6D86-43C9-B9A1-EA21DF7AA4D1} = {1BEAF044-2108-4541-93E4-7BF62BDEBE69}
		{F0AF2D03-4469-4B1E-A24D-9BC3923549F0} = {7E14B539-6D86-43C9-B9A1-EA21DF7AA4D1}
		{BD4C24E4-5322-4DCF-91A3-BECC399F6376} = {1BEAF044-2108-4541-93E4-7BF62BDEBE69}
		{735DE84B-9E6F-47A4-AE46-3060CD1AF72D} = {BD4C24E4-5322-4DCF-91A3-BECC399F6376}
		{BC9B1995-5511-4039-A8AF-2F09B8E4DF6B} = {1BEAF044-2108-4541-93E4-7BF62BDEBE69}
		{77E63ECA-0EAF-4399-AC0D-84317FA4ACA2} = {BC9B1995-5511-4039-A8AF-2F09B8E4DF6B}
		{64FFA158-2E1D-4300-9BA3-C20BFD5B3CBC} = {BC9B1995-5511-4039-A8AF-2F09B8E4DF6B}
		{4967F74B-05FC-4BC0-B72A-6FBB19A07BC8} = {BC9B1995-5511-4039-A8AF-2F09B8E4DF6B}
		{F3BE0F77-6BC9-4B54-BA7E-BC520957C273} = {77E63ECA-0EAF-4399-AC0D-84317FA4ACA2}
		{BA91335E-A7C0-4A71-8145-42E1EE252B61} = {77E63ECA-0EAF-4399-AC0D-84317FA4ACA2}
		{7A856975-669B-465E-8523-ED3D6F04865C} = {64FFA158-2E1D-4300-9BA3-C20BFD5B3CBC}
		{71931D5B-3AA6-4DE9-BAF5-4CA0C4733CD6} = {4967F74B-05FC-4BC0-B72A-6FBB19A07BC8}
		{4560359D-A088-418C-82FE-2CDB0FBB5F18} = {6081F301-80B1-466A-BC00-CAFF2C096673}
		{263E7B12-4FDB-47AA-AB3C-A86D5AA71537} = {1BEAF044-2108-4541-93E4-7BF62BDEBE69}
		{5912D03C-B4C3-465E-ADD8-76D0BB765CD5} = {263E7B12-4FDB-47AA-AB3C-A86D5AA71537}
		{4949566B-D65D-4206-B30B-C84ED5F963BA} = {263E7B12-4FDB-47AA-AB3C-A86D5AA71537}
		{449AE929-8D83-446F-8370-8E19461EF2FB} = {263E7B12-4FDB-47AA-AB3C-A86D5AA71537}
		{5CCDAF30-260E-463D-8E34-29A9A0BE3998} = {263E7B12-4FDB-47AA-AB3C-A86D5AA71537}
		{E2AD15FE-E696-48FE-A87C-530F0031FA86} = {263E7B12-4FDB-47AA-AB3C-A86D5AA71537}
		{54C6DABF-47E2-4875-8D31-D18E18B707AB} = {1BEAF044-2108-4541-93E4-7BF62BDEBE69}
		{E027CF53-C5A5-4BD1-84CB-B5534D783893} = {54C6DABF-47E2-4875-8D31-D18E18B707AB}
		{291DAAAF-2722-406F-AC65-C69C81BD30D5} = {9DC7423E-173D-499A-B4A1-27E3DDBAFD5A}
		{B675F2F1-6C53-4934-91B4-15CC77C48A69} = {9DC7423E-173D-499A-B4A1-27E3DDBAFD5A}
		{4686441B-C9A0-41AC-9DE5-3398B8FE0EC7} = {1BEAF044-2108-4541-93E4-7BF62BDEBE69}
		{2C69E828-4661-4AA6-B81E-146D19B0E9E5} = {4686441B-C9A0-41AC-9DE5-3398B8FE0EC7}
		{31D1EFB7-5C70-4314-AB57-67698761ECAA} = {D5D303E4-13D4-40E9-8310-C4CED2E46A57}
		{5C6F13F8-D143-444B-B0C3-CBDFEB8CE279} = {1BEAF044-2108-4541-93E4-7BF62BDEBE69}
		{AD1C2B4B-8419-4363-8CEA-4D9A9079A759} = {5C6F13F8-D143-444B-B0C3-CBDFEB8CE279}
		{067DC07C-0EF9-4663-B27E-0E9A9CA1CA7B} = {1BEAF044-2108-4541-93E4-7BF62BDEBE69}
		{8AC3622A-1891-42C0-88FF-2308C0FF35E1} = {067DC07C-0EF9-4663-B27E-0E9A9CA1CA7B}
	EndGlobalSection
	GlobalSection(ExtensibilityGlobals) = postSolution
		SolutionGuid = {31C98594-C82C-4951-8D85-ED1B53ACC678}
	EndGlobalSection
EndGlobal
